
Microsoft Visual Studio Solution File, Format Version 12.00
# Visual Studio 14
VisualStudioVersion = 14.0.25420.1
MinimumVisualStudioVersion = 10.0.40219.1
Project("{FAE04EC0-301F-11D3-BF4B-00C04F79EFBC}") = "MainProject", "DXApplication2\MainProject.csproj", "{1205C948-89F4-49F8-B73E-CD58DD427BBD}"
EndProject
Global
	GlobalSection(SolutionConfigurationPlatforms) = preSolution
		Debug|Any CPU = Debug|Any CPU
		Release|Any CPU = Release|Any CPU
	EndGlobalSection
	GlobalSection(ProjectConfigurationPlatforms) = postSolution
		{1205C948-89F4-49F8-B73E-CD58DD427BBD}.Debug|Any CPU.ActiveCfg = Debug|Any CPU
		{1205C948-89F4-49F8-B73E-CD58DD427BBD}.Debug|Any CPU.Build.0 = Debug|Any CPU
		{1205C948-89F4-49F8-B73E-CD58DD427BBD}.Release|Any CPU.ActiveCfg = Release|Any CPU
		{1205C948-89F4-49F8-B73E-CD58DD427BBD}.Release|Any CPU.Build.0 = Release|Any CPU
	EndGlobalSection
	GlobalSection(SolutionProperties) = preSolution
		HideSolutionNode = FALSE
	EndGlobalSection
EndGlobal
